
Microsoft Visual Studio Solution File, Format Version 12.00
# Visual Studio Version 17
VisualStudioVersion = 17.5.33502.453
MinimumVisualStudioVersion = 10.0.40219.1
Project("{9A19103F-16F7-4668-BE54-9A1E7A4F7556}") = "AspNetCore.RequestCounter", "AspNetCore.RequestCounter\AspNetCore.RequestCounter.csproj", "{8B221113-2C25-4D6B-AE7A-1739350E15A0}"
EndProject
Project("{FAE04EC0-301F-11D3-BF4B-00C04F79EFBC}") = "AspNetCore.RequestCounterTestWeb", "AspNetCore.RequestCounterTestWeb\AspNetCore.RequestCounterTestWeb.csproj", "{9E632123-1BDC-4FBF-95C1-5EEA5DE5A025}"
EndProject
Project("{FAE04EC0-301F-11D3-BF4B-00C04F79EFBC}") = "AspNetCore.RequestCounterTestBlazorApp", "AspNetCore.RequestCounterTestBlazorApp\AspNetCore.RequestCounterTestBlazorApp.csproj", "{9C62FAF5-9E5F-4D59-AF4C-F942D8A2F042}"
EndProject
Global
	GlobalSection(SolutionConfigurationPlatforms) = preSolution
		Debug|Any CPU = Debug|Any CPU
		Release|Any CPU = Release|Any CPU
	EndGlobalSection
	GlobalSection(ProjectConfigurationPlatforms) = postSolution
		{8B221113-2C25-4D6B-AE7A-1739350E15A0}.Debug|Any CPU.ActiveCfg = Debug|Any CPU
		{8B221113-2C25-4D6B-AE7A-1739350E15A0}.Debug|Any CPU.Build.0 = Debug|Any CPU
		{8B221113-2C25-4D6B-AE7A-1739350E15A0}.Release|Any CPU.ActiveCfg = Release|Any CPU
		{8B221113-2C25-4D6B-AE7A-1739350E15A0}.Release|Any CPU.Build.0 = Release|Any CPU
		{9E632123-1BDC-4FBF-95C1-5EEA5DE5A025}.Debug|Any CPU.ActiveCfg = Debug|Any CPU
		{9E632123-1BDC-4FBF-95C1-5EEA5DE5A025}.Debug|Any CPU.Build.0 = Debug|Any CPU
		{9E632123-1BDC-4FBF-95C1-5EEA5DE5A025}.Release|Any CPU.ActiveCfg = Release|Any CPU
		{9E632123-1BDC-4FBF-95C1-5EEA5DE5A025}.Release|Any CPU.Build.0 = Release|Any CPU
		{9C62FAF5-9E5F-4D59-AF4C-F942D8A2F042}.Debug|Any CPU.ActiveCfg = Debug|Any CPU
		{9C62FAF5-9E5F-4D59-AF4C-F942D8A2F042}.Debug|Any CPU.Build.0 = Debug|Any CPU
		{9C62FAF5-9E5F-4D59-AF4C-F942D8A2F042}.Release|Any CPU.ActiveCfg = Release|Any CPU
		{9C62FAF5-9E5F-4D59-AF4C-F942D8A2F042}.Release|Any CPU.Build.0 = Release|Any CPU
	EndGlobalSection
	GlobalSection(SolutionProperties) = preSolution
		HideSolutionNode = FALSE
	EndGlobalSection
	GlobalSection(ExtensibilityGlobals) = postSolution
		SolutionGuid = {AB8B2C13-52AF-4ABD-A3E2-2F23FC1AB196}
	EndGlobalSection
EndGlobal
